// !$*UTF8*$!
{
	archiveVersion = 1;
	classes = {
	};
	objectVersion = 46;
	objects = {

/* Begin PBXBuildFile section */
		1E5B1042198F473500F6B632 /* OperationReader.m in Sources */ = {isa = PBXBuildFile; fileRef = 1E5B1041198F473500F6B632 /* OperationReader.m */; };
		1E819A0D198749E900C9C917 /* CentralProcessingUnit.m in Sources */ = {isa = PBXBuildFile; fileRef = 1E819A0C198749E900C9C917 /* CentralProcessingUnit.m */; };
		1E819A0E198749E900C9C917 /* CentralProcessingUnit.m in Sources */ = {isa = PBXBuildFile; fileRef = 1E819A0C198749E900C9C917 /* CentralProcessingUnit.m */; };
		1EB306CB1974E1A2006766C8 /* Foundation.framework in Frameworks */ = {isa = PBXBuildFile; fileRef = 1EB306CA1974E1A2006766C8 /* Foundation.framework */; };
		1EB306CD1974E1A2006766C8 /* CoreGraphics.framework in Frameworks */ = {isa = PBXBuildFile; fileRef = 1EB306CC1974E1A2006766C8 /* CoreGraphics.framework */; };
		1EB306CF1974E1A2006766C8 /* UIKit.framework in Frameworks */ = {isa = PBXBuildFile; fileRef = 1EB306CE1974E1A2006766C8 /* UIKit.framework */; };
		1EB306D51974E1A2006766C8 /* InfoPlist.strings in Resources */ = {isa = PBXBuildFile; fileRef = 1EB306D31974E1A2006766C8 /* InfoPlist.strings */; };
		1EB306D71974E1A2006766C8 /* main.m in Sources */ = {isa = PBXBuildFile; fileRef = 1EB306D61974E1A2006766C8 /* main.m */; };
		1EB306DB1974E1A2006766C8 /* AppDelegate.m in Sources */ = {isa = PBXBuildFile; fileRef = 1EB306DA1974E1A2006766C8 /* AppDelegate.m */; };
		1EB306DE1974E1A2006766C8 /* Main.storyboard in Resources */ = {isa = PBXBuildFile; fileRef = 1EB306DC1974E1A2006766C8 /* Main.storyboard */; };
		1EB306E11974E1A2006766C8 /* ViewController.m in Sources */ = {isa = PBXBuildFile; fileRef = 1EB306E01974E1A2006766C8 /* ViewController.m */; };
		1EB306E31974E1A2006766C8 /* Images.xcassets in Resources */ = {isa = PBXBuildFile; fileRef = 1EB306E21974E1A2006766C8 /* Images.xcassets */; };
		1EB306EA1974E1A2006766C8 /* XCTest.framework in Frameworks */ = {isa = PBXBuildFile; fileRef = 1EB306E91974E1A2006766C8 /* XCTest.framework */; };
		1EB306EB1974E1A2006766C8 /* Foundation.framework in Frameworks */ = {isa = PBXBuildFile; fileRef = 1EB306CA1974E1A2006766C8 /* Foundation.framework */; };
		1EB306EC1974E1A2006766C8 /* UIKit.framework in Frameworks */ = {isa = PBXBuildFile; fileRef = 1EB306CE1974E1A2006766C8 /* UIKit.framework */; };
		1EB306F41974E1A2006766C8 /* InfoPlist.strings in Resources */ = {isa = PBXBuildFile; fileRef = 1EB306F21974E1A2006766C8 /* InfoPlist.strings */; };
		1EB306F61974E1A2006766C8 /* calculTests.m in Sources */ = {isa = PBXBuildFile; fileRef = 1EB306F51974E1A2006766C8 /* calculTests.m */; };
/* End PBXBuildFile section */

/* Begin PBXContainerItemProxy section */
		1EB306ED1974E1A2006766C8 /* PBXContainerItemProxy */ = {
			isa = PBXContainerItemProxy;
			containerPortal = 1EB306BF1974E1A2006766C8 /* Project object */;
			proxyType = 1;
			remoteGlobalIDString = 1EB306C61974E1A2006766C8;
			remoteInfo = calcul;
		};
/* End PBXContainerItemProxy section */

/* Begin PBXFileReference section */
		1E5B1040198F473500F6B632 /* OperationReader.h */ = {isa = PBXFileReference; fileEncoding = 4; lastKnownFileType = sourcecode.c.h; path = OperationReader.h; sourceTree = "<group>"; };
		1E5B1041198F473500F6B632 /* OperationReader.m */ = {isa = PBXFileReference; fileEncoding = 4; lastKnownFileType = sourcecode.c.objc; path = OperationReader.m; sourceTree = "<group>"; };
		1E819A0B198749E900C9C917 /* CentralProcessingUnit.h */ = {isa = PBXFileReference; fileEncoding = 4; lastKnownFileType = sourcecode.c.h; path = CentralProcessingUnit.h; sourceTree = "<group>"; };
		1E819A0C198749E900C9C917 /* CentralProcessingUnit.m */ = {isa = PBXFileReference; fileEncoding = 4; lastKnownFileType = sourcecode.c.objc; path = CentralProcessingUnit.m; sourceTree = "<group>"; };
		1EB306C71974E1A2006766C8 /* calcul.app */ = {isa = PBXFileReference; explicitFileType = wrapper.application; includeInIndex = 0; path = calcul.app; sourceTree = BUILT_PRODUCTS_DIR; };
		1EB306CA1974E1A2006766C8 /* Foundation.framework */ = {isa = PBXFileReference; lastKnownFileType = wrapper.framework; name = Foundation.framework; path = System/Library/Frameworks/Foundation.framework; sourceTree = SDKROOT; };
		1EB306CC1974E1A2006766C8 /* CoreGraphics.framework */ = {isa = PBXFileReference; lastKnownFileType = wrapper.framework; name = CoreGraphics.framework; path = System/Library/Frameworks/CoreGraphics.framework; sourceTree = SDKROOT; };
		1EB306CE1974E1A2006766C8 /* UIKit.framework */ = {isa = PBXFileReference; lastKnownFileType = wrapper.framework; name = UIKit.framework; path = System/Library/Frameworks/UIKit.framework; sourceTree = SDKROOT; };
		1EB306D21974E1A2006766C8 /* calcul-Info.plist */ = {isa = PBXFileReference; lastKnownFileType = text.plist.xml; path = "calcul-Info.plist"; sourceTree = "<group>"; };
		1EB306D41974E1A2006766C8 /* en */ = {isa = PBXFileReference; lastKnownFileType = text.plist.strings; name = en; path = en.lproj/InfoPlist.strings; sourceTree = "<group>"; };
		1EB306D61974E1A2006766C8 /* main.m */ = {isa = PBXFileReference; lastKnownFileType = sourcecode.c.objc; path = main.m; sourceTree = "<group>"; };
		1EB306D81974E1A2006766C8 /* calcul-Prefix.pch */ = {isa = PBXFileReference; lastKnownFileType = sourcecode.c.h; path = "calcul-Prefix.pch"; sourceTree = "<group>"; };
		1EB306D91974E1A2006766C8 /* AppDelegate.h */ = {isa = PBXFileReference; lastKnownFileType = sourcecode.c.h; path = AppDelegate.h; sourceTree = "<group>"; };
		1EB306DA1974E1A2006766C8 /* AppDelegate.m */ = {isa = PBXFileReference; lastKnownFileType = sourcecode.c.objc; path = AppDelegate.m; sourceTree = "<group>"; };
		1EB306DD1974E1A2006766C8 /* Base */ = {isa = PBXFileReference; lastKnownFileType = file.storyboard; name = Base; path = Base.lproj/Main.storyboard; sourceTree = "<group>"; };
		1EB306DF1974E1A2006766C8 /* ViewController.h */ = {isa = PBXFileReference; lastKnownFileType = sourcecode.c.h; path = ViewController.h; sourceTree = "<group>"; };
		1EB306E01974E1A2006766C8 /* ViewController.m */ = {isa = PBXFileReference; lastKnownFileType = sourcecode.c.objc; path = ViewController.m; sourceTree = "<group>"; };
		1EB306E21974E1A2006766C8 /* Images.xcassets */ = {isa = PBXFileReference; lastKnownFileType = folder.assetcatalog; path = Images.xcassets; sourceTree = "<group>"; };
		1EB306E81974E1A2006766C8 /* calculTests.xctest */ = {isa = PBXFileReference; explicitFileType = wrapper.cfbundle; includeInIndex = 0; path = calculTests.xctest; sourceTree = BUILT_PRODUCTS_DIR; };
		1EB306E91974E1A2006766C8 /* XCTest.framework */ = {isa = PBXFileReference; lastKnownFileType = wrapper.framework; name = XCTest.framework; path = Library/Frameworks/XCTest.framework; sourceTree = DEVELOPER_DIR; };
		1EB306F11974E1A2006766C8 /* calculTests-Info.plist */ = {isa = PBXFileReference; lastKnownFileType = text.plist.xml; path = "calculTests-Info.plist"; sourceTree = "<group>"; };
		1EB306F31974E1A2006766C8 /* en */ = {isa = PBXFileReference; lastKnownFileType = text.plist.strings; name = en; path = en.lproj/InfoPlist.strings; sourceTree = "<group>"; };
		1EB306F51974E1A2006766C8 /* calculTests.m */ = {isa = PBXFileReference; lastKnownFileType = sourcecode.c.objc; path = calculTests.m; sourceTree = "<group>"; };
/* End PBXFileReference section */

/* Begin PBXFrameworksBuildPhase section */
		1EB306C41974E1A2006766C8 /* Frameworks */ = {
			isa = PBXFrameworksBuildPhase;
			buildActionMask = 2147483647;
			files = (
				1EB306CD1974E1A2006766C8 /* CoreGraphics.framework in Frameworks */,
				1EB306CF1974E1A2006766C8 /* UIKit.framework in Frameworks */,
				1EB306CB1974E1A2006766C8 /* Foundation.framework in Frameworks */,
			);
			runOnlyForDeploymentPostprocessing = 0;
		};
		1EB306E51974E1A2006766C8 /* Frameworks */ = {
			isa = PBXFrameworksBuildPhase;
			buildActionMask = 2147483647;
			files = (
				1EB306EA1974E1A2006766C8 /* XCTest.framework in Frameworks */,
				1EB306EC1974E1A2006766C8 /* UIKit.framework in Frameworks */,
				1EB306EB1974E1A2006766C8 /* Foundation.framework in Frameworks */,
			);
			runOnlyForDeploymentPostprocessing = 0;
		};
/* End PBXFrameworksBuildPhase section */

/* Begin PBXGroup section */
		1EB306BE1974E1A2006766C8 = {
			isa = PBXGroup;
			children = (
				1EB306D01974E1A2006766C8 /* calcul */,
				1EB306EF1974E1A2006766C8 /* calculTests */,
				1EB306C91974E1A2006766C8 /* Frameworks */,
				1EB306C81974E1A2006766C8 /* Products */,
			);
			sourceTree = "<group>";
		};
		1EB306C81974E1A2006766C8 /* Products */ = {
			isa = PBXGroup;
			children = (
				1EB306C71974E1A2006766C8 /* calcul.app */,
				1EB306E81974E1A2006766C8 /* calculTests.xctest */,
			);
			name = Products;
			sourceTree = "<group>";
		};
		1EB306C91974E1A2006766C8 /* Frameworks */ = {
			isa = PBXGroup;
			children = (
				1EB306CA1974E1A2006766C8 /* Foundation.framework */,
				1EB306CC1974E1A2006766C8 /* CoreGraphics.framework */,
				1EB306CE1974E1A2006766C8 /* UIKit.framework */,
				1EB306E91974E1A2006766C8 /* XCTest.framework */,
			);
			name = Frameworks;
			sourceTree = "<group>";
		};
		1EB306D01974E1A2006766C8 /* calcul */ = {
			isa = PBXGroup;
			children = (
				1EB306D91974E1A2006766C8 /* AppDelegate.h */,
				1EB306DA1974E1A2006766C8 /* AppDelegate.m */,
				1EB306DC1974E1A2006766C8 /* Main.storyboard */,
				1EB306DF1974E1A2006766C8 /* ViewController.h */,
				1EB306E01974E1A2006766C8 /* ViewController.m */,
				1E5B1040198F473500F6B632 /* OperationReader.h */,
				1E5B1041198F473500F6B632 /* OperationReader.m */,
				1EB306E21974E1A2006766C8 /* Images.xcassets */,
				1EB306D11974E1A2006766C8 /* Supporting Files */,
				1E819A0B198749E900C9C917 /* CentralProcessingUnit.h */,
				1E819A0C198749E900C9C917 /* CentralProcessingUnit.m */,
			);
			path = calcul;
			sourceTree = "<group>";
		};
		1EB306D11974E1A2006766C8 /* Supporting Files */ = {
			isa = PBXGroup;
			children = (
				1EB306D21974E1A2006766C8 /* calcul-Info.plist */,
				1EB306D31974E1A2006766C8 /* InfoPlist.strings */,
				1EB306D61974E1A2006766C8 /* main.m */,
				1EB306D81974E1A2006766C8 /* calcul-Prefix.pch */,
			);
			name = "Supporting Files";
			sourceTree = "<group>";
		};
		1EB306EF1974E1A2006766C8 /* calculTests */ = {
			isa = PBXGroup;
			children = (
				1EB306F51974E1A2006766C8 /* calculTests.m */,
				1EB306F01974E1A2006766C8 /* Supporting Files */,
			);
			path = calculTests;
			sourceTree = "<group>";
		};
		1EB306F01974E1A2006766C8 /* Supporting Files */ = {
			isa = PBXGroup;
			children = (
				1EB306F11974E1A2006766C8 /* calculTests-Info.plist */,
				1EB306F21974E1A2006766C8 /* InfoPlist.strings */,
			);
			name = "Supporting Files";
			sourceTree = "<group>";
		};
/* End PBXGroup section */

/* Begin PBXNativeTarget section */
		1EB306C61974E1A2006766C8 /* calcul */ = {
			isa = PBXNativeTarget;
			buildConfigurationList = 1EB306F91974E1A2006766C8 /* Build configuration list for PBXNativeTarget "calcul" */;
			buildPhases = (
				1EB306C31974E1A2006766C8 /* Sources */,
				1EB306C41974E1A2006766C8 /* Frameworks */,
				1EB306C51974E1A2006766C8 /* Resources */,
			);
			buildRules = (
			);
			dependencies = (
			);
			name = calcul;
			productName = calcul;
			productReference = 1EB306C71974E1A2006766C8 /* calcul.app */;
			productType = "com.apple.product-type.application";
		};
		1EB306E71974E1A2006766C8 /* calculTests */ = {
			isa = PBXNativeTarget;
			buildConfigurationList = 1EB306FC1974E1A2006766C8 /* Build configuration list for PBXNativeTarget "calculTests" */;
			buildPhases = (
				1EB306E41974E1A2006766C8 /* Sources */,
				1EB306E51974E1A2006766C8 /* Frameworks */,
				1EB306E61974E1A2006766C8 /* Resources */,
			);
			buildRules = (
			);
			dependencies = (
				1EB306EE1974E1A2006766C8 /* PBXTargetDependency */,
			);
			name = calculTests;
			productName = calculTests;
			productReference = 1EB306E81974E1A2006766C8 /* calculTests.xctest */;
			productType = "com.apple.product-type.bundle.unit-test";
		};
/* End PBXNativeTarget section */

/* Begin PBXProject section */
		1EB306BF1974E1A2006766C8 /* Project object */ = {
			isa = PBXProject;
			attributes = {
				LastUpgradeCheck = 1020;
				ORGANIZATIONNAME = HEDSPI;
				TargetAttributes = {
					1EB306E71974E1A2006766C8 = {
						TestTargetID = 1EB306C61974E1A2006766C8;
					};
				};
			};
			buildConfigurationList = 1EB306C21974E1A2006766C8 /* Build configuration list for PBXProject "calcul" */;
			compatibilityVersion = "Xcode 3.2";
			developmentRegion = en;
			hasScannedForEncodings = 0;
			knownRegions = (
				en,
				Base,
			);
			mainGroup = 1EB306BE1974E1A2006766C8;
			productRefGroup = 1EB306C81974E1A2006766C8 /* Products */;
			projectDirPath = "";
			projectRoot = "";
			targets = (
				1EB306C61974E1A2006766C8 /* calcul */,
				1EB306E71974E1A2006766C8 /* calculTests */,
			);
		};
/* End PBXProject section */

/* Begin PBXResourcesBuildPhase section */
		1EB306C51974E1A2006766C8 /* Resources */ = {
			isa = PBXResourcesBuildPhase;
			buildActionMask = 2147483647;
			files = (
				1EB306E31974E1A2006766C8 /* Images.xcassets in Resources */,
				1EB306D51974E1A2006766C8 /* InfoPlist.strings in Resources */,
				1EB306DE1974E1A2006766C8 /* Main.storyboard in Resources */,
			);
			runOnlyForDeploymentPostprocessing = 0;
		};
		1EB306E61974E1A2006766C8 /* Resources */ = {
			isa = PBXResourcesBuildPhase;
			buildActionMask = 2147483647;
			files = (
				1EB306F41974E1A2006766C8 /* InfoPlist.strings in Resources */,
			);
			runOnlyForDeploymentPostprocessing = 0;
		};
/* End PBXResourcesBuildPhase section */

/* Begin PBXSourcesBuildPhase section */
		1EB306C31974E1A2006766C8 /* Sources */ = {
			isa = PBXSourcesBuildPhase;
			buildActionMask = 2147483647;
			files = (
				1E819A0D198749E900C9C917 /* CentralProcessingUnit.m in Sources */,
				1EB306E11974E1A2006766C8 /* ViewController.m in Sources */,
				1EB306DB1974E1A2006766C8 /* AppDelegate.m in Sources */,
				1EB306D71974E1A2006766C8 /* main.m in Sources */,
				1E5B1042198F473500F6B632 /* OperationReader.m in Sources */,
			);
			runOnlyForDeploymentPostprocessing = 0;
		};
		1EB306E41974E1A2006766C8 /* Sources */ = {
			isa = PBXSourcesBuildPhase;
			buildActionMask = 2147483647;
			files = (
				1E819A0E198749E900C9C917 /* CentralProcessingUnit.m in Sources */,
				1EB306F61974E1A2006766C8 /* calculTests.m in Sources */,
			);
			runOnlyForDeploymentPostprocessing = 0;
		};
/* End PBXSourcesBuildPhase section */

/* Begin PBXTargetDependency section */
		1EB306EE1974E1A2006766C8 /* PBXTargetDependency */ = {
			isa = PBXTargetDependency;
			target = 1EB306C61974E1A2006766C8 /* calcul */;
			targetProxy = 1EB306ED1974E1A2006766C8 /* PBXContainerItemProxy */;
		};
/* End PBXTargetDependency section */

/* Begin PBXVariantGroup section */
		1EB306D31974E1A2006766C8 /* InfoPlist.strings */ = {
			isa = PBXVariantGroup;
			children = (
				1EB306D41974E1A2006766C8 /* en */,
			);
			name = InfoPlist.strings;
			sourceTree = "<group>";
		};
		1EB306DC1974E1A2006766C8 /* Main.storyboard */ = {
			isa = PBXVariantGroup;
			children = (
				1EB306DD1974E1A2006766C8 /* Base */,
			);
			name = Main.storyboard;
			sourceTree = "<group>";
		};
		1EB306F21974E1A2006766C8 /* InfoPlist.strings */ = {
			isa = PBXVariantGroup;
			children = (
				1EB306F31974E1A2006766C8 /* en */,
			);
			name = InfoPlist.strings;
			sourceTree = "<group>";
		};
/* End PBXVariantGroup section */

/* Begin XCBuildConfiguration section */
		1EB306F71974E1A2006766C8 /* Debug */ = {
			isa = XCBuildConfiguration;
			buildSettings = {
				ALWAYS_SEARCH_USER_PATHS = NO;
				CLANG_ANALYZER_LOCALIZABILITY_NONLOCALIZED = YES;
				CLANG_CXX_LANGUAGE_STANDARD = "gnu++0x";
				CLANG_CXX_LIBRARY = "libc++";
				CLANG_ENABLE_MODULES = YES;
				CLANG_ENABLE_OBJC_ARC = YES;
				CLANG_WARN_BLOCK_CAPTURE_AUTORELEASING = YES;
				CLANG_WARN_BOOL_CONVERSION = YES;
				CLANG_WARN_COMMA = YES;
				CLANG_WARN_CONSTANT_CONVERSION = YES;
				CLANG_WARN_DEPRECATED_OBJC_IMPLEMENTATIONS = YES;
				CLANG_WARN_DIRECT_OBJC_ISA_USAGE = YES_ERROR;
				CLANG_WARN_EMPTY_BODY = YES;
				CLANG_WARN_ENUM_CONVERSION = YES;
				CLANG_WARN_INFINITE_RECURSION = YES;
				CLANG_WARN_INT_CONVERSION = YES;
				CLANG_WARN_NON_LITERAL_NULL_CONVERSION = YES;
				CLANG_WARN_OBJC_IMPLICIT_RETAIN_SELF = YES;
				CLANG_WARN_OBJC_LITERAL_CONVERSION = YES;
				CLANG_WARN_OBJC_ROOT_CLASS = YES_ERROR;
				CLANG_WARN_RANGE_LOOP_ANALYSIS = YES;
				CLANG_WARN_STRICT_PROTOTYPES = YES;
				CLANG_WARN_SUSPICIOUS_MOVE = YES;
				CLANG_WARN_UNREACHABLE_CODE = YES;
				CLANG_WARN__DUPLICATE_METHOD_MATCH = YES;
				"CODE_SIGN_IDENTITY[sdk=iphoneos*]" = "iPhone Developer";
				COPY_PHASE_STRIP = NO;
				ENABLE_STRICT_OBJC_MSGSEND = YES;
				ENABLE_TESTABILITY = YES;
				GCC_C_LANGUAGE_STANDARD = gnu99;
				GCC_DYNAMIC_NO_PIC = NO;
				GCC_NO_COMMON_BLOCKS = YES;
				GCC_OPTIMIZATION_LEVEL = 0;
				GCC_PREPROCESSOR_DEFINITIONS = (
					"DEBUG=1",
					"$(inherited)",
				);
				GCC_SYMBOLS_PRIVATE_EXTERN = NO;
				GCC_WARN_64_TO_32_BIT_CONVERSION = YES;
				GCC_WARN_ABOUT_RETURN_TYPE = YES_ERROR;
				GCC_WARN_UNDECLARED_SELECTOR = YES;
				GCC_WARN_UNINITIALIZED_AUTOS = YES_AGGRESSIVE;
				GCC_WARN_UNUSED_FUNCTION = YES;
				GCC_WARN_UNUSED_VARIABLE = YES;
				IPHONEOS_DEPLOYMENT_TARGET = 8.0;
				ONLY_ACTIVE_ARCH = YES;
				SDKROOT = iphoneos;
			};
			name = Debug;
		};
		1EB306F81974E1A2006766C8 /* Release */ = {
			isa = XCBuildConfiguration;
			buildSettings = {
				ALWAYS_SEARCH_USER_PATHS = NO;
				CLANG_ANALYZER_LOCALIZABILITY_NONLOCALIZED = YES;
				CLANG_CXX_LANGUAGE_STANDARD = "gnu++0x";
				CLANG_CXX_LIBRARY = "libc++";
				CLANG_ENABLE_MODULES = YES;
				CLANG_ENABLE_OBJC_ARC = YES;
				CLANG_WARN_BLOCK_CAPTURE_AUTORELEASING = YES;
				CLANG_WARN_BOOL_CONVERSION = YES;
				CLANG_WARN_COMMA = YES;
				CLANG_WARN_CONSTANT_CONVERSION = YES;
				CLANG_WARN_DEPRECATED_OBJC_IMPLEMENTATIONS = YES;
				CLANG_WARN_DIRECT_OBJC_ISA_USAGE = YES_ERROR;
				CLANG_WARN_EMPTY_BODY = YES;
				CLANG_WARN_ENUM_CONVERSION = YES;
				CLANG_WARN_INFINITE_RECURSION = YES;
				CLANG_WARN_INT_CONVERSION = YES;
				CLANG_WARN_NON_LITERAL_NULL_CONVERSION = YES;
				CLANG_WARN_OBJC_IMPLICIT_RETAIN_SELF = YES;
				CLANG_WARN_OBJC_LITERAL_CONVERSION = YES;
				CLANG_WARN_OBJC_ROOT_CLASS = YES_ERROR;
				CLANG_WARN_RANGE_LOOP_ANALYSIS = YES;
				CLANG_WARN_STRICT_PROTOTYPES = YES;
				CLANG_WARN_SUSPICIOUS_MOVE = YES;
				CLANG_WARN_UNREACHABLE_CODE = YES;
				CLANG_WARN__DUPLICATE_METHOD_MATCH = YES;
				"CODE_SIGN_IDENTITY[sdk=iphoneos*]" = "iPhone Developer";
				COPY_PHASE_STRIP = YES;
				ENABLE_NS_ASSERTIONS = NO;
				ENABLE_STRICT_OBJC_MSGSEND = YES;
				GCC_C_LANGUAGE_STANDARD = gnu99;
				GCC_NO_COMMON_BLOCKS = YES;
				GCC_WARN_64_TO_32_BIT_CONVERSION = YES;
				GCC_WARN_ABOUT_RETURN_TYPE = YES_ERROR;
				GCC_WARN_UNDECLARED_SELECTOR = YES;
				GCC_WARN_UNINITIALIZED_AUTOS = YES_AGGRESSIVE;
				GCC_WARN_UNUSED_FUNCTION = YES;
				GCC_WARN_UNUSED_VARIABLE = YES;
				IPHONEOS_DEPLOYMENT_TARGET = 8.0;
				SDKROOT = iphoneos;
				VALIDATE_PRODUCT = YES;
			};
			name = Release;
		};
		1EB306FA1974E1A2006766C8 /* Debug */ = {
			isa = XCBuildConfiguration;
			buildSettings = {
				ASSETCATALOG_COMPILER_APPICON_NAME = AppIcon;
				ASSETCATALOG_COMPILER_LAUNCHIMAGE_NAME = LaunchImage;
				CODE_SIGN_IDENTITY = "iPhone Developer";
				GCC_PRECOMPILE_PREFIX_HEADER = YES;
				GCC_PREFIX_HEADER = "calcul/calcul-Prefix.pch";
				INFOPLIST_FILE = "calcul/calcul-Info.plist";
				PRODUCT_BUNDLE_IDENTIFIER = "GMO.${PRODUCT_NAME:rfc1034identifier}";
				PRODUCT_NAME = "$(TARGET_NAME)";
				WRAPPER_EXTENSION = app;
			};
			name = Debug;
		};
		1EB306FB1974E1A2006766C8 /* Release */ = {
			isa = XCBuildConfiguration;
			buildSettings = {
				ASSETCATALOG_COMPILER_APPICON_NAME = AppIcon;
				ASSETCATALOG_COMPILER_LAUNCHIMAGE_NAME = LaunchImage;
				CODE_SIGN_IDENTITY = "iPhone Developer";
				GCC_PRECOMPILE_PREFIX_HEADER = YES;
				GCC_PREFIX_HEADER = "calcul/calcul-Prefix.pch";
				INFOPLIST_FILE = "calcul/calcul-Info.plist";
				PRODUCT_BUNDLE_IDENTIFIER = "GMO.${PRODUCT_NAME:rfc1034identifier}";
				PRODUCT_NAME = "$(TARGET_NAME)";
				WRAPPER_EXTENSION = app;
			};
			name = Release;
		};
		1EB306FD1974E1A2006766C8 /* Debug */ = {
			isa = XCBuildConfiguration;
			buildSettings = {
				BUNDLE_LOADER = "$(BUILT_PRODUCTS_DIR)/calcul.app/calcul";
				FRAMEWORK_SEARCH_PATHS = (
					"$(SDKROOT)/Developer/Library/Frameworks",
					"$(inherited)",
					"$(DEVELOPER_FRAMEWORKS_DIR)",
				);
				GCC_PRECOMPILE_PREFIX_HEADER = YES;
				GCC_PREFIX_HEADER = "calcul/calcul-Prefix.pch";
				GCC_PREPROCESSOR_DEFINITIONS = (
					"DEBUG=1",
					"$(inherited)",
				);
				INFOPLIST_FILE = "calculTests/calculTests-Info.plist";
				PRODUCT_BUNDLE_IDENTIFIER = "GMO.${PRODUCT_NAME:rfc1034identifier}";
				PRODUCT_NAME = "$(TARGET_NAME)";
				TEST_HOST = "$(BUNDLE_LOADER)";
				WRAPPER_EXTENSION = xctest;
			};
			name = Debug;
		};
		1EB306FE1974E1A2006766C8 /* Release */ = {
			isa = XCBuildConfiguration;
			buildSettings = {
				BUNDLE_LOADER = "$(BUILT_PRODUCTS_DIR)/calcul.app/calcul";
				FRAMEWORK_SEARCH_PATHS = (
					"$(SDKROOT)/Developer/Library/Frameworks",
					"$(inherited)",
					"$(DEVELOPER_FRAMEWORKS_DIR)",
				);
				GCC_PRECOMPILE_PREFIX_HEADER = YES;
				GCC_PREFIX_HEADER = "calcul/calcul-Prefix.pch";
				INFOPLIST_FILE = "calculTests/calculTests-Info.plist";
				PRODUCT_BUNDLE_IDENTIFIER = "GMO.${PRODUCT_NAME:rfc1034identifier}";
				PRODUCT_NAME = "$(TARGET_NAME)";
				TEST_HOST = "$(BUNDLE_LOADER)";
				WRAPPER_EXTENSION = xctest;
			};
			name = Release;
		};
/* End XCBuildConfiguration section */

/* Begin XCConfigurationList section */
		1EB306C21974E1A2006766C8 /* Build configuration list for PBXProject "calcul" */ = {
			isa = XCConfigurationList;
			buildConfigurations = (
				1EB306F71974E1A2006766C8 /* Debug */,
				1EB306F81974E1A2006766C8 /* Release */,
			);
			defaultConfigurationIsVisible = 0;
			defaultConfigurationName = Release;
		};
		1EB306F91974E1A2006766C8 /* Build configuration list for PBXNativeTarget "calcul" */ = {
			isa = XCConfigurationList;
			buildConfigurations = (
				1EB306FA1974E1A2006766C8 /* Debug */,
				1EB306FB1974E1A2006766C8 /* Release */,
			);
			defaultConfigurationIsVisible = 0;
			defaultConfigurationName = Release;
		};
		1EB306FC1974E1A2006766C8 /* Build configuration list for PBXNativeTarget "calculTests" */ = {
			isa = XCConfigurationList;
			buildConfigurations = (
				1EB306FD1974E1A2006766C8 /* Debug */,
				1EB306FE1974E1A2006766C8 /* Release */,
			);
			defaultConfigurationIsVisible = 0;
			defaultConfigurationName = Release;
		};
/* End XCConfigurationList section */
	};
	rootObject = 1EB306BF1974E1A2006766C8 /* Project object */;
}
